// !$*UTF8*$!
{
	archiveVersion = 1;
	classes = {
	};
	objectVersion = 56;
	objects = {

/* Begin PBXBuildFile section */
		96E3C6742AA7B065002C53DA /* AppDelegate.swift in Sources */ = {isa = PBXBuildFile; fileRef = 96E3C6732AA7B065002C53DA /* AppDelegate.swift */; };
		96E3C6762AA7B065002C53DA /* SceneDelegate.swift in Sources */ = {isa = PBXBuildFile; fileRef = 96E3C6752AA7B065002C53DA /* SceneDelegate.swift */; };
		96E3C67B2AA7B065002C53DA /* Main.storyboard in Resources */ = {isa = PBXBuildFile; fileRef = 96E3C6792AA7B065002C53DA /* Main.storyboard */; };
		96E3C67D2AA7B068002C53DA /* Assets.xcassets in Resources */ = {isa = PBXBuildFile; fileRef = 96E3C67C2AA7B068002C53DA /* Assets.xcassets */; };
		96E3C6802AA7B068002C53DA /* LaunchScreen.storyboard in Resources */ = {isa = PBXBuildFile; fileRef = 96E3C67E2AA7B068002C53DA /* LaunchScreen.storyboard */; };
		96E3C6892AA7B0A4002C53DA /* HomeViewController.swift in Sources */ = {isa = PBXBuildFile; fileRef = 96E3C6872AA7B0A4002C53DA /* HomeViewController.swift */; };
		96E3C68A2AA7B0A4002C53DA /* HomeViewController.xib in Resources */ = {isa = PBXBuildFile; fileRef = 96E3C6882AA7B0A4002C53DA /* HomeViewController.xib */; };
		991A37802AAB4B39002760C0 /* DuoAppBasicViewController.swift in Sources */ = {isa = PBXBuildFile; fileRef = 991A377D2AAB4B39002760C0 /* DuoAppBasicViewController.swift */; };
		991A37812AAB4B39002760C0 /* TestBrowserControllerViewController.swift in Sources */ = {isa = PBXBuildFile; fileRef = 991A377E2AAB4B39002760C0 /* TestBrowserControllerViewController.swift */; };
		991A37822AAB4B39002760C0 /* TestBrowserControllerViewController.xib in Resources */ = {isa = PBXBuildFile; fileRef = 991A377F2AAB4B39002760C0 /* TestBrowserControllerViewController.xib */; };
		991A37852AAB4B77002760C0 /* MainViewController.swift in Sources */ = {isa = PBXBuildFile; fileRef = 991A37832AAB4B77002760C0 /* MainViewController.swift */; };
/* End PBXBuildFile section */

/* Begin PBXFileReference section */
		96E3C6702AA7B065002C53DA /* DualApp.app */ = {isa = PBXFileReference; explicitFileType = wrapper.application; includeInIndex = 0; path = DualApp.app; sourceTree = BUILT_PRODUCTS_DIR; };
		96E3C6732AA7B065002C53DA /* AppDelegate.swift */ = {isa = PBXFileReference; lastKnownFileType = sourcecode.swift; path = AppDelegate.swift; sourceTree = "<group>"; };
		96E3C6752AA7B065002C53DA /* SceneDelegate.swift */ = {isa = PBXFileReference; lastKnownFileType = sourcecode.swift; path = SceneDelegate.swift; sourceTree = "<group>"; };
		96E3C67A2AA7B065002C53DA /* Base */ = {isa = PBXFileReference; lastKnownFileType = file.storyboard; name = Base; path = Base.lproj/Main.storyboard; sourceTree = "<group>"; };
		96E3C67C2AA7B068002C53DA /* Assets.xcassets */ = {isa = PBXFileReference; lastKnownFileType = folder.assetcatalog; path = Assets.xcassets; sourceTree = "<group>"; };
		96E3C67F2AA7B068002C53DA /* Base */ = {isa = PBXFileReference; lastKnownFileType = file.storyboard; name = Base; path = Base.lproj/LaunchScreen.storyboard; sourceTree = "<group>"; };
		96E3C6812AA7B068002C53DA /* Info.plist */ = {isa = PBXFileReference; lastKnownFileType = text.plist.xml; path = Info.plist; sourceTree = "<group>"; };
		96E3C6872AA7B0A4002C53DA /* HomeViewController.swift */ = {isa = PBXFileReference; lastKnownFileType = sourcecode.swift; path = HomeViewController.swift; sourceTree = "<group>"; };
		96E3C6882AA7B0A4002C53DA /* HomeViewController.xib */ = {isa = PBXFileReference; lastKnownFileType = file.xib; path = HomeViewController.xib; sourceTree = "<group>"; };
		991A377D2AAB4B39002760C0 /* DuoAppBasicViewController.swift */ = {isa = PBXFileReference; fileEncoding = 4; lastKnownFileType = sourcecode.swift; path = DuoAppBasicViewController.swift; sourceTree = "<group>"; };
		991A377E2AAB4B39002760C0 /* TestBrowserControllerViewController.swift */ = {isa = PBXFileReference; fileEncoding = 4; lastKnownFileType = sourcecode.swift; path = TestBrowserControllerViewController.swift; sourceTree = "<group>"; };
		991A377F2AAB4B39002760C0 /* TestBrowserControllerViewController.xib */ = {isa = PBXFileReference; fileEncoding = 4; lastKnownFileType = file.xib; path = TestBrowserControllerViewController.xib; sourceTree = "<group>"; };
		991A37832AAB4B77002760C0 /* MainViewController.swift */ = {isa = PBXFileReference; lastKnownFileType = sourcecode.swift; path = MainViewController.swift; sourceTree = "<group>"; };
/* End PBXFileReference section */

/* Begin PBXFrameworksBuildPhase section */
		96E3C66D2AA7B065002C53DA /* Frameworks */ = {
			isa = PBXFrameworksBuildPhase;
			buildActionMask = 2147483647;
			files = (
			);
			runOnlyForDeploymentPostprocessing = 0;
		};
/* End PBXFrameworksBuildPhase section */

/* Begin PBXGroup section */
		96E3C6672AA7B065002C53DA = {
			isa = PBXGroup;
			children = (
				96E3C6722AA7B065002C53DA /* DualApp */,
				96E3C6712AA7B065002C53DA /* Products */,
			);
			sourceTree = "<group>";
		};
		96E3C6712AA7B065002C53DA /* Products */ = {
			isa = PBXGroup;
			children = (
				96E3C6702AA7B065002C53DA /* DualApp.app */,
			);
			name = Products;
			sourceTree = "<group>";
		};
		96E3C6722AA7B065002C53DA /* DualApp */ = {
			isa = PBXGroup;
			children = (
				991A377C2AAB4B14002760C0 /* Controllers */,
				96E3C6732AA7B065002C53DA /* AppDelegate.swift */,
				96E3C6752AA7B065002C53DA /* SceneDelegate.swift */,
				96E3C6792AA7B065002C53DA /* Main.storyboard */,
				96E3C67C2AA7B068002C53DA /* Assets.xcassets */,
				96E3C67E2AA7B068002C53DA /* LaunchScreen.storyboard */,
				96E3C6812AA7B068002C53DA /* Info.plist */,
				96E3C6872AA7B0A4002C53DA /* HomeViewController.swift */,
				96E3C6882AA7B0A4002C53DA /* HomeViewController.xib */,
			);
			path = DualApp;
			sourceTree = "<group>";
		};
		991A377C2AAB4B14002760C0 /* Controllers */ = {
			isa = PBXGroup;
			children = (
				991A37872AAB4B7F002760C0 /* Main controller */,
				991A377D2AAB4B39002760C0 /* DuoAppBasicViewController.swift */,
				991A377E2AAB4B39002760C0 /* TestBrowserControllerViewController.swift */,
				991A377F2AAB4B39002760C0 /* TestBrowserControllerViewController.xib */,
			);
			path = Controllers;
			sourceTree = "<group>";
		};
		991A37872AAB4B7F002760C0 /* Main controller */ = {
			isa = PBXGroup;
			children = (
				991A37832AAB4B77002760C0 /* MainViewController.swift */,
			);
			path = "Main controller";
			sourceTree = "<group>";
		};
/* End PBXGroup section */

/* Begin PBXNativeTarget section */
		96E3C66F2AA7B065002C53DA /* DualApp */ = {
			isa = PBXNativeTarget;
			buildConfigurationList = 96E3C6842AA7B068002C53DA /* Build configuration list for PBXNativeTarget "DualApp" */;
			buildPhases = (
				96E3C66C2AA7B065002C53DA /* Sources */,
				96E3C66D2AA7B065002C53DA /* Frameworks */,
				96E3C66E2AA7B065002C53DA /* Resources */,
			);
			buildRules = (
			);
			dependencies = (
			);
			name = DualApp;
			productName = DualApp;
			productReference = 96E3C6702AA7B065002C53DA /* DualApp.app */;
			productType = "com.apple.product-type.application";
		};
/* End PBXNativeTarget section */

/* Begin PBXProject section */
		96E3C6682AA7B065002C53DA /* Project object */ = {
			isa = PBXProject;
			attributes = {
				BuildIndependentTargetsInParallel = 1;
				LastSwiftUpdateCheck = 1430;
				LastUpgradeCheck = 1430;
				TargetAttributes = {
					96E3C66F2AA7B065002C53DA = {
						CreatedOnToolsVersion = 14.3.1;
					};
				};
			};
			buildConfigurationList = 96E3C66B2AA7B065002C53DA /* Build configuration list for PBXProject "DualApp" */;
			compatibilityVersion = "Xcode 14.0";
			developmentRegion = en;
			hasScannedForEncodings = 0;
			knownRegions = (
				en,
				Base,
			);
			mainGroup = 96E3C6672AA7B065002C53DA;
			productRefGroup = 96E3C6712AA7B065002C53DA /* Products */;
			projectDirPath = "";
			projectRoot = "";
			targets = (
				96E3C66F2AA7B065002C53DA /* DualApp */,
			);
		};
/* End PBXProject section */

/* Begin PBXResourcesBuildPhase section */
		96E3C66E2AA7B065002C53DA /* Resources */ = {
			isa = PBXResourcesBuildPhase;
			buildActionMask = 2147483647;
			files = (
				96E3C6802AA7B068002C53DA /* LaunchScreen.storyboard in Resources */,
				991A37822AAB4B39002760C0 /* TestBrowserControllerViewController.xib in Resources */,
				96E3C67D2AA7B068002C53DA /* Assets.xcassets in Resources */,
				96E3C67B2AA7B065002C53DA /* Main.storyboard in Resources */,
				96E3C68A2AA7B0A4002C53DA /* HomeViewController.xib in Resources */,
			);
			runOnlyForDeploymentPostprocessing = 0;
		};
/* End PBXResourcesBuildPhase section */

/* Begin PBXSourcesBuildPhase section */
		96E3C66C2AA7B065002C53DA /* Sources */ = {
			isa = PBXSourcesBuildPhase;
			buildActionMask = 2147483647;
			files = (
				991A37802AAB4B39002760C0 /* DuoAppBasicViewController.swift in Sources */,
				96E3C6742AA7B065002C53DA /* AppDelegate.swift in Sources */,
				96E3C6762AA7B065002C53DA /* SceneDelegate.swift in Sources */,
				991A37852AAB4B77002760C0 /* MainViewController.swift in Sources */,
				96E3C6892AA7B0A4002C53DA /* HomeViewController.swift in Sources */,
				991A37812AAB4B39002760C0 /* TestBrowserControllerViewController.swift in Sources */,
			);
			runOnlyForDeploymentPostprocessing = 0;
		};
/* End PBXSourcesBuildPhase section */

/* Begin PBXVariantGroup section */
		96E3C6792AA7B065002C53DA /* Main.storyboard */ = {
			isa = PBXVariantGroup;
			children = (
				96E3C67A2AA7B065002C53DA /* Base */,
			);
			name = Main.storyboard;
			sourceTree = "<group>";
		};
		96E3C67E2AA7B068002C53DA /* LaunchScreen.storyboard */ = {
			isa = PBXVariantGroup;
			children = (
				96E3C67F2AA7B068002C53DA /* Base */,
			);
			name = LaunchScreen.storyboard;
			sourceTree = "<group>";
		};
/* End PBXVariantGroup section */

/* Begin XCBuildConfiguration section */
		96E3C6822AA7B068002C53DA /* Debug */ = {
			isa = XCBuildConfiguration;
			buildSettings = {
				ALWAYS_SEARCH_USER_PATHS = NO;
				CLANG_ANALYZER_NONNULL = YES;
				CLANG_ANALYZER_NUMBER_OBJECT_CONVERSION = YES_AGGRESSIVE;
				CLANG_CXX_LANGUAGE_STANDARD = "gnu++20";
				CLANG_ENABLE_MODULES = YES;
				CLANG_ENABLE_OBJC_ARC = YES;
				CLANG_ENABLE_OBJC_WEAK = YES;
				CLANG_WARN_BLOCK_CAPTURE_AUTORELEASING = YES;
				CLANG_WARN_BOOL_CONVERSION = YES;
				CLANG_WARN_COMMA = YES;
				CLANG_WARN_CONSTANT_CONVERSION = YES;
				CLANG_WARN_DEPRECATED_OBJC_IMPLEMENTATIONS = YES;
				CLANG_WARN_DIRECT_OBJC_ISA_USAGE = YES_ERROR;
				CLANG_WARN_DOCUMENTATION_COMMENTS = YES;
				CLANG_WARN_EMPTY_BODY = YES;
				CLANG_WARN_ENUM_CONVERSION = YES;
				CLANG_WARN_INFINITE_RECURSION = YES;
				CLANG_WARN_INT_CONVERSION = YES;
				CLANG_WARN_NON_LITERAL_NULL_CONVERSION = YES;
				CLANG_WARN_OBJC_IMPLICIT_RETAIN_SELF = YES;
				CLANG_WARN_OBJC_LITERAL_CONVERSION = YES;
				CLANG_WARN_OBJC_ROOT_CLASS = YES_ERROR;
				CLANG_WARN_QUOTED_INCLUDE_IN_FRAMEWORK_HEADER = YES;
				CLANG_WARN_RANGE_LOOP_ANALYSIS = YES;
				CLANG_WARN_STRICT_PROTOTYPES = YES;
				CLANG_WARN_SUSPICIOUS_MOVE = YES;
				CLANG_WARN_UNGUARDED_AVAILABILITY = YES_AGGRESSIVE;
				CLANG_WARN_UNREACHABLE_CODE = YES;
				CLANG_WARN__DUPLICATE_METHOD_MATCH = YES;
				COPY_PHASE_STRIP = NO;
				DEBUG_INFORMATION_FORMAT = dwarf;
				ENABLE_STRICT_OBJC_MSGSEND = YES;
				ENABLE_TESTABILITY = YES;
				GCC_C_LANGUAGE_STANDARD = gnu11;
				GCC_DYNAMIC_NO_PIC = NO;
				GCC_NO_COMMON_BLOCKS = YES;
				GCC_OPTIMIZATION_LEVEL = 0;
				GCC_PREPROCESSOR_DEFINITIONS = (
					"DEBUG=1",
					"$(inherited)",
				);
				GCC_WARN_64_TO_32_BIT_CONVERSION = YES;
				GCC_WARN_ABOUT_RETURN_TYPE = YES_ERROR;
				GCC_WARN_UNDECLARED_SELECTOR = YES;
				GCC_WARN_UNINITIALIZED_AUTOS = YES_AGGRESSIVE;
				GCC_WARN_UNUSED_FUNCTION = YES;
				GCC_WARN_UNUSED_VARIABLE = YES;
				IPHONEOS_DEPLOYMENT_TARGET = 16.4;
				MTL_ENABLE_DEBUG_INFO = INCLUDE_SOURCE;
				MTL_FAST_MATH = YES;
				ONLY_ACTIVE_ARCH = YES;
				SDKROOT = iphoneos;
				SWIFT_ACTIVE_COMPILATION_CONDITIONS = DEBUG;
				SWIFT_OPTIMIZATION_LEVEL = "-Onone";
			};
			name = Debug;
		};
		96E3C6832AA7B068002C53DA /* Release */ = {
			isa = XCBuildConfiguration;
			buildSettings = {
				ALWAYS_SEARCH_USER_PATHS = NO;
				CLANG_ANALYZER_NONNULL = YES;
				CLANG_ANALYZER_NUMBER_OBJECT_CONVERSION = YES_AGGRESSIVE;
				CLANG_CXX_LANGUAGE_STANDARD = "gnu++20";
				CLANG_ENABLE_MODULES = YES;
				CLANG_ENABLE_OBJC_ARC = YES;
				CLANG_ENABLE_OBJC_WEAK = YES;
				CLANG_WARN_BLOCK_CAPTURE_AUTORELEASING = YES;
				CLANG_WARN_BOOL_CONVERSION = YES;
				CLANG_WARN_COMMA = YES;
				CLANG_WARN_CONSTANT_CONVERSION = YES;
				CLANG_WARN_DEPRECATED_OBJC_IMPLEMENTATIONS = YES;
				CLANG_WARN_DIRECT_OBJC_ISA_USAGE = YES_ERROR;
				CLANG_WARN_DOCUMENTATION_COMMENTS = YES;
				CLANG_WARN_EMPTY_BODY = YES;
				CLANG_WARN_ENUM_CONVERSION = YES;
				CLANG_WARN_INFINITE_RECURSION = YES;
				CLANG_WARN_INT_CONVERSION = YES;
				CLANG_WARN_NON_LITERAL_NULL_CONVERSION = YES;
				CLANG_WARN_OBJC_IMPLICIT_RETAIN_SELF = YES;
				CLANG_WARN_OBJC_LITERAL_CONVERSION = YES;
				CLANG_WARN_OBJC_ROOT_CLASS = YES_ERROR;
				CLANG_WARN_QUOTED_INCLUDE_IN_FRAMEWORK_HEADER = YES;
				CLANG_WARN_RANGE_LOOP_ANALYSIS = YES;
				CLANG_WARN_STRICT_PROTOTYPES = YES;
				CLANG_WARN_SUSPICIOUS_MOVE = YES;
				CLANG_WARN_UNGUARDED_AVAILABILITY = YES_AGGRESSIVE;
				CLANG_WARN_UNREACHABLE_CODE = YES;
				CLANG_WARN__DUPLICATE_METHOD_MATCH = YES;
				COPY_PHASE_STRIP = NO;
				DEBUG_INFORMATION_FORMAT = "dwarf-with-dsym";
				ENABLE_NS_ASSERTIONS = NO;
				ENABLE_STRICT_OBJC_MSGSEND = YES;
				GCC_C_LANGUAGE_STANDARD = gnu11;
				GCC_NO_COMMON_BLOCKS = YES;
				GCC_WARN_64_TO_32_BIT_CONVERSION = YES;
				GCC_WARN_ABOUT_RETURN_TYPE = YES_ERROR;
				GCC_WARN_UNDECLARED_SELECTOR = YES;
				GCC_WARN_UNINITIALIZED_AUTOS = YES_AGGRESSIVE;
				GCC_WARN_UNUSED_FUNCTION = YES;
				GCC_WARN_UNUSED_VARIABLE = YES;
				IPHONEOS_DEPLOYMENT_TARGET = 16.4;
				MTL_ENABLE_DEBUG_INFO = NO;
				MTL_FAST_MATH = YES;
				SDKROOT = iphoneos;
				SWIFT_COMPILATION_MODE = wholemodule;
				SWIFT_OPTIMIZATION_LEVEL = "-O";
				VALIDATE_PRODUCT = YES;
			};
			name = Release;
		};
		96E3C6852AA7B068002C53DA /* Debug */ = {
			isa = XCBuildConfiguration;
			buildSettings = {
				ASSETCATALOG_COMPILER_APPICON_NAME = AppIcon;
				ASSETCATALOG_COMPILER_GLOBAL_ACCENT_COLOR_NAME = AccentColor;
				CODE_SIGN_STYLE = Automatic;
				CURRENT_PROJECT_VERSION = 1;
				GENERATE_INFOPLIST_FILE = YES;
				INFOPLIST_FILE = DualApp/Info.plist;
				INFOPLIST_KEY_UIApplicationSupportsIndirectInputEvents = YES;
				INFOPLIST_KEY_UILaunchStoryboardName = LaunchScreen;
				INFOPLIST_KEY_UIMainStoryboardFile = Main;
				INFOPLIST_KEY_UISupportedInterfaceOrientations = UIInterfaceOrientationPortrait;
				INFOPLIST_KEY_UISupportedInterfaceOrientations_iPad = "UIInterfaceOrientationLandscapeLeft UIInterfaceOrientationLandscapeRight UIInterfaceOrientationPortrait UIInterfaceOrientationPortraitUpsideDown";
				LD_RUNPATH_SEARCH_PATHS = (
					"$(inherited)",
					"@executable_path/Frameworks",
				);
				MARKETING_VERSION = 1.0;
				PRODUCT_BUNDLE_IDENTIFIER = com.n47.DualApp.DualApp;
				PRODUCT_NAME = "$(TARGET_NAME)";
				SUPPORTED_PLATFORMS = "iphoneos iphonesimulator";
				SUPPORTS_MACCATALYST = NO;
				SUPPORTS_MAC_DESIGNED_FOR_IPHONE_IPAD = NO;
				SWIFT_EMIT_LOC_STRINGS = YES;
				SWIFT_VERSION = 5.0;
				TARGETED_DEVICE_FAMILY = 1;
			};
			name = Debug;
		};
		96E3C6862AA7B068002C53DA /* Release */ = {
			isa = XCBuildConfiguration;
			buildSettings = {
				ASSETCATALOG_COMPILER_APPICON_NAME = AppIcon;
				ASSETCATALOG_COMPILER_GLOBAL_ACCENT_COLOR_NAME = AccentColor;
				CODE_SIGN_STYLE = Automatic;
				CURRENT_PROJECT_VERSION = 1;
				GENERATE_INFOPLIST_FILE = YES;
				INFOPLIST_FILE = DualApp/Info.plist;
				INFOPLIST_KEY_UIApplicationSupportsIndirectInputEvents = YES;
				INFOPLIST_KEY_UILaunchStoryboardName = LaunchScreen;
				INFOPLIST_KEY_UIMainStoryboardFile = Main;
				INFOPLIST_KEY_UISupportedInterfaceOrientations = UIInterfaceOrientationPortrait;
				INFOPLIST_KEY_UISupportedInterfaceOrientations_iPad = "UIInterfaceOrientationLandscapeLeft UIInterfaceOrientationLandscapeRight UIInterfaceOrientationPortrait UIInterfaceOrientationPortraitUpsideDown";
				LD_RUNPATH_SEARCH_PATHS = (
					"$(inherited)",
					"@executable_path/Frameworks",
				);
				MARKETING_VERSION = 1.0;
				PRODUCT_BUNDLE_IDENTIFIER = com.n47.DualApp.DualApp;
				PRODUCT_NAME = "$(TARGET_NAME)";
				SUPPORTED_PLATFORMS = "iphoneos iphonesimulator";
				SUPPORTS_MACCATALYST = NO;
				SUPPORTS_MAC_DESIGNED_FOR_IPHONE_IPAD = NO;
				SWIFT_EMIT_LOC_STRINGS = YES;
				SWIFT_VERSION = 5.0;
				TARGETED_DEVICE_FAMILY = 1;
			};
			name = Release;
		};
/* End XCBuildConfiguration section */

/* Begin XCConfigurationList section */
		96E3C66B2AA7B065002C53DA /* Build configuration list for PBXProject "DualApp" */ = {
			isa = XCConfigurationList;
			buildConfigurations = (
				96E3C6822AA7B068002C53DA /* Debug */,
				96E3C6832AA7B068002C53DA /* Release */,
			);
			defaultConfigurationIsVisible = 0;
			defaultConfigurationName = Release;
		};
		96E3C6842AA7B068002C53DA /* Build configuration list for PBXNativeTarget "DualApp" */ = {
			isa = XCConfigurationList;
			buildConfigurations = (
				96E3C6852AA7B068002C53DA /* Debug */,
				96E3C6862AA7B068002C53DA /* Release */,
			);
			defaultConfigurationIsVisible = 0;
			defaultConfigurationName = Release;
		};
/* End XCConfigurationList section */
	};
	rootObject = 96E3C6682AA7B065002C53DA /* Project object */;
}
